# This file is automatically @generated by Cargo.
# It is not intended for manual editing.
version = 3

[[package]]
name = "BladeBlade"
version = "0.1.0"
dependencies = [
 "allegro",
 "allegro_acodec",
 "allegro_audio",
 "allegro_color",
 "allegro_dialog",
 "allegro_font",
 "allegro_image",
 "allegro_primitives",
 "allegro_ttf",
 "hecs",
 "nalgebra",
 "obj-rs",
 "rand",
 "serde",
 "serde_derive",
 "slr_config",
]

[[package]]
name = "ahash"
version = "0.7.4"
source = "registry+https://github.com/rust-lang/crates.io-index"
checksum = "43bb833f0bf979d8475d38fbf09ed3b8a55e1885fe93ad3f93239fc6a4f17b98"
dependencies = [
 "getrandom",
 "once_cell",
 "version_check",
]

[[package]]
name = "allegro"
version = "0.0.41"
source = "registry+https://github.com/rust-lang/crates.io-index"
checksum = "4d6890b91f6b0714e65f310ca5243eb6eb308953e7691c9a1b6f1f6ce61d791c"
dependencies = [
 "allegro-sys",
 "allegro_util",
 "lazy_static",
 "libc",
]

[[package]]
name = "allegro-sys"
version = "0.0.41"
source = "registry+https://github.com/rust-lang/crates.io-index"
checksum = "3f897bccb7d3241e763cae019d1b40a4fbc06724f28c0ac18d2a2d77d6ec008c"
dependencies = [
 "allegro_util",
 "libc",
]

[[package]]
name = "allegro_acodec"
version = "0.0.41"
source = "registry+https://github.com/rust-lang/crates.io-index"
checksum = "90bd715c26603ef11f91c08de8e3d19db0b84bdd1468cd45a845a77920e349bb"
dependencies = [
 "allegro",
 "allegro_acodec-sys",
 "allegro_audio",
]

[[package]]
name = "allegro_acodec-sys"
version = "0.0.41"
source = "registry+https://github.com/rust-lang/crates.io-index"
checksum = "7b5d338c0e74046cdc33ec3fea52f9835f516962417098e161b07aa3b2565764"
dependencies = [
 "allegro_util",
 "libc",
]

[[package]]
name = "allegro_audio"
version = "0.0.41"
source = "registry+https://github.com/rust-lang/crates.io-index"
checksum = "ac195b897ab34622c0bd01b27327a7a41a408465bb95a26dcccfed59e55c1c74"
dependencies = [
 "allegro",
 "allegro_audio-sys",
 "allegro_util",
 "libc",
]

[[package]]
name = "allegro_audio-sys"
version = "0.0.41"
source = "registry+https://github.com/rust-lang/crates.io-index"
checksum = "d0d18a2e568428815e334ea5bbb9aa155a12eaac0c0731d89f21c780ceb035ba"
dependencies = [
 "allegro-sys",
 "allegro_util",
 "libc",
]

[[package]]
name = "allegro_color"
version = "0.0.41"
source = "registry+https://github.com/rust-lang/crates.io-index"
checksum = "ec4be199f175b7f0f5f5547ccc9328a9f110a941c46b5d35b9c799aa37755774"
dependencies = [
 "allegro",
 "allegro_color-sys",
 "allegro_util",
 "libc",
]

[[package]]
name = "allegro_color-sys"
version = "0.0.41"
source = "registry+https://github.com/rust-lang/crates.io-index"
checksum = "541071a1fd82651256a86a8764d71bedd01716f1d21c82236492e9088d16396d"
dependencies = [
 "allegro-sys",
 "allegro_util",
 "libc",
]

[[package]]
name = "allegro_dialog"
version = "0.0.41"
source = "registry+https://github.com/rust-lang/crates.io-index"
checksum = "79d35655907529c086e2e49087660c9294f0acc95df3ef78287e7595def256a4"
dependencies = [
 "allegro",
 "allegro_dialog-sys",
 "allegro_util",
 "libc",
]

[[package]]
name = "allegro_dialog-sys"
version = "0.0.41"
source = "registry+https://github.com/rust-lang/crates.io-index"
checksum = "efcb5a8c3cc5a68b74c2a6edb4fd9df02d482b399d25600465d38e7968d1356d"
dependencies = [
 "allegro-sys",
 "allegro_util",
 "libc",
]

[[package]]
name = "allegro_font"
version = "0.0.41"
source = "registry+https://github.com/rust-lang/crates.io-index"
checksum = "69d8d1b41831796ed55626791c98e0884cf12244543bb6eaf78ae9dcf60e744b"
dependencies = [
 "allegro",
 "allegro-sys",
 "allegro_font-sys",
 "allegro_util",
 "libc",
]

[[package]]
name = "allegro_font-sys"
version = "0.0.41"
source = "registry+https://github.com/rust-lang/crates.io-index"
checksum = "057c94fb03b5d6f24442a1ac65183df46c22ac89e48b8593735e966245c34310"
dependencies = [
 "allegro-sys",
 "allegro_util",
 "libc",
]

[[package]]
name = "allegro_image"
version = "0.0.41"
source = "registry+https://github.com/rust-lang/crates.io-index"
checksum = "e3382f9f00421e3c886e35eaecf3ce8ef4cae192f2c8e078ef0778030a14cbf2"
dependencies = [
 "allegro",
 "allegro_image-sys",
 "allegro_util",
 "libc",
]

[[package]]
name = "allegro_image-sys"
version = "0.0.41"
source = "registry+https://github.com/rust-lang/crates.io-index"
checksum = "f158048743a95641e892a583888a8d5bf2bff4dd692ba1a18db716f0cd0a62db"
dependencies = [
 "allegro_util",
 "libc",
]

[[package]]
name = "allegro_primitives"
version = "0.0.41"
source = "registry+https://github.com/rust-lang/crates.io-index"
checksum = "61ac20ee84e85048433eb2d792947f9ba30bb172bae4b6e5acce01ff0de503c6"
dependencies = [
 "allegro",
 "allegro-sys",
 "allegro_primitives-sys",
 "libc",
]

[[package]]
name = "allegro_primitives-sys"
version = "0.0.41"
source = "registry+https://github.com/rust-lang/crates.io-index"
checksum = "bdcae4d697f8ae1b0e91264fa1d93d2d707a776fab367bd0257b9d37b21ea6e6"
dependencies = [
 "allegro-sys",
 "allegro_util",
 "libc",
]

[[package]]
name = "allegro_ttf"
version = "0.0.41"
source = "registry+https://github.com/rust-lang/crates.io-index"
checksum = "b176557d823696dfce796fa9bd953d9d218b7a55a6b3638ca5312f1fab53b474"
dependencies = [
 "allegro",
 "allegro_font",
 "allegro_ttf-sys",
 "allegro_util",
 "libc",
]

[[package]]
name = "allegro_ttf-sys"
version = "0.0.41"
source = "registry+https://github.com/rust-lang/crates.io-index"
checksum = "478004bd254946b0b2c980fbe641ad1d6534955c6d52b5ce262e19cc8d88912b"
dependencies = [
 "allegro-sys",
 "allegro_font-sys",
 "allegro_util",
 "libc",
]

[[package]]
name = "allegro_util"
version = "0.0.41"
source = "registry+https://github.com/rust-lang/crates.io-index"
checksum = "55bac672303c25c69d0d669b8994c5580fa2b896e167c009f3e278d1d8cf391b"
dependencies = [
 "libc",
]

[[package]]
name = "approx"
version = "0.5.0"
source = "registry+https://github.com/rust-lang/crates.io-index"
checksum = "072df7202e63b127ab55acfe16ce97013d5b97bf160489336d3f1840fd78e99e"
dependencies = [
 "num-traits",
]

[[package]]
name = "autocfg"
version = "1.0.1"
source = "registry+https://github.com/rust-lang/crates.io-index"
checksum = "cdb031dd78e28731d87d56cc8ffef4a8f36ca26c38fe2de700543e627f8a464a"

[[package]]
name = "cfg-if"
version = "1.0.0"
source = "registry+https://github.com/rust-lang/crates.io-index"
checksum = "baf1de4339761588bc0619e3cbc0120ee582ebb74b53b4efbf79117bd2da40fd"

[[package]]
name = "getrandom"
version = "0.2.3"
source = "registry+https://github.com/rust-lang/crates.io-index"
checksum = "7fcd999463524c52659517fe2cea98493cfe485d10565e7b0fb07dbba7ad2753"
dependencies = [
 "cfg-if",
 "libc",
 "wasi",
]

[[package]]
name = "hashbrown"
version = "0.11.2"
source = "registry+https://github.com/rust-lang/crates.io-index"
checksum = "ab5ef0d4909ef3724cc8cce6ccc8572c5c817592e9285f5464f8e86f8bd3726e"
dependencies = [
 "ahash",
]

[[package]]
name = "hecs"
version = "0.6.0"
source = "registry+https://github.com/rust-lang/crates.io-index"
checksum = "c73af232175172161145addeb63d4271fa082c0362ad34139d211bf68b228ad5"
dependencies = [
 "hashbrown",
]

[[package]]
name = "lazy_static"
version = "1.4.0"
source = "registry+https://github.com/rust-lang/crates.io-index"
checksum = "e2abad23fbc42b3700f2f279844dc832adb2b2eb069b2df918f455c4e18cc646"

[[package]]
name = "libc"
version = "0.2.98"
source = "registry+https://github.com/rust-lang/crates.io-index"
checksum = "320cfe77175da3a483efed4bc0adc1968ca050b098ce4f2f1c13a56626128790"

[[package]]
name = "matrixmultiply"
version = "0.3.1"
source = "registry+https://github.com/rust-lang/crates.io-index"
checksum = "5a8a15b776d9dfaecd44b03c5828c2199cddff5247215858aac14624f8d6b741"
dependencies = [
 "rawpointer",
]

[[package]]
name = "nalgebra"
version = "0.28.0"
source = "registry+https://github.com/rust-lang/crates.io-index"
checksum = "39fe9195887b501f296ac918ecbff4650b6935da164d4902ef73e140c46a0dce"
dependencies = [
 "approx",
 "matrixmultiply",
 "nalgebra-macros",
 "num-complex",
 "num-rational",
 "num-traits",
 "simba",
 "typenum",
]

[[package]]
name = "nalgebra-macros"
version = "0.1.0"
source = "registry+https://github.com/rust-lang/crates.io-index"
checksum = "01fcc0b8149b4632adc89ac3b7b31a12fb6099a0317a4eb2ebff574ef7de7218"
dependencies = [
 "proc-macro2",
 "quote",
 "syn",
]

[[package]]
name = "num-complex"
version = "0.4.0"
source = "registry+https://github.com/rust-lang/crates.io-index"
checksum = "26873667bbbb7c5182d4a37c1add32cdf09f841af72da53318fdb81543c15085"
dependencies = [
 "num-traits",
]

[[package]]
name = "num-integer"
version = "0.1.44"
source = "registry+https://github.com/rust-lang/crates.io-index"
checksum = "d2cc698a63b549a70bc047073d2949cce27cd1c7b0a4a862d08a8031bc2801db"
dependencies = [
 "autocfg",
 "num-traits",
]

[[package]]
name = "num-rational"
version = "0.4.0"
source = "registry+https://github.com/rust-lang/crates.io-index"
checksum = "d41702bd167c2df5520b384281bc111a4b5efcf7fbc4c9c222c815b07e0a6a6a"
dependencies = [
 "autocfg",
 "num-integer",
 "num-traits",
]

[[package]]
name = "num-traits"
version = "0.2.14"
source = "registry+https://github.com/rust-lang/crates.io-index"
checksum = "9a64b1ec5cda2586e284722486d802acf1f7dbdc623e2bfc57e65ca1cd099290"
dependencies = [
 "autocfg",
]

[[package]]
name = "obj-rs"
version = "0.6.3"
source = "registry+https://github.com/rust-lang/crates.io-index"
checksum = "21fb5f56c5833319f6cb0714a9548853ee4ef745a2c4136da82343c7bd1ae14c"
dependencies = [
 "num-traits",
 "serde",
 "vec_map",
]

[[package]]
name = "once_cell"
version = "1.8.0"
source = "registry+https://github.com/rust-lang/crates.io-index"
checksum = "692fcb63b64b1758029e0a96ee63e049ce8c5948587f2f7208df04625e5f6b56"

[[package]]
name = "paste"
version = "1.0.5"
source = "registry+https://github.com/rust-lang/crates.io-index"
checksum = "acbf547ad0c65e31259204bd90935776d1c693cec2f4ff7abb7a1bbbd40dfe58"

[[package]]
name = "ppv-lite86"
version = "0.2.10"
source = "registry+https://github.com/rust-lang/crates.io-index"
checksum = "ac74c624d6b2d21f425f752262f42188365d7b8ff1aff74c82e45136510a4857"

[[package]]
name = "proc-macro2"
version = "1.0.28"
source = "registry+https://github.com/rust-lang/crates.io-index"
checksum = "5c7ed8b8c7b886ea3ed7dde405212185f423ab44682667c8c6dd14aa1d9f6612"
dependencies = [
 "unicode-xid",
]

[[package]]
name = "quote"
version = "1.0.9"
source = "registry+https://github.com/rust-lang/crates.io-index"
checksum = "c3d0b9745dc2debf507c8422de05d7226cc1f0644216dfdfead988f9b1ab32a7"
dependencies = [
 "proc-macro2",
]

[[package]]
name = "rand"
version = "0.8.4"
source = "registry+https://github.com/rust-lang/crates.io-index"
checksum = "2e7573632e6454cf6b99d7aac4ccca54be06da05aca2ef7423d22d27d4d4bcd8"
dependencies = [
 "libc",
 "rand_chacha",
 "rand_core",
 "rand_hc",
]

[[package]]
name = "rand_chacha"
version = "0.3.1"
source = "registry+https://github.com/rust-lang/crates.io-index"
checksum = "e6c10a63a0fa32252be49d21e7709d4d4baf8d231c2dbce1eaa8141b9b127d88"
dependencies = [
 "ppv-lite86",
 "rand_core",
]

[[package]]
name = "rand_core"
version = "0.6.3"
source = "registry+https://github.com/rust-lang/crates.io-index"
checksum = "d34f1408f55294453790c48b2f1ebbb1c5b4b7563eb1f418bcfcfdbb06ebb4e7"
dependencies = [
 "getrandom",
]

[[package]]
name = "rand_hc"
version = "0.3.1"
source = "registry+https://github.com/rust-lang/crates.io-index"
checksum = "d51e9f596de227fda2ea6c84607f5558e196eeaf43c986b724ba4fb8fdf497e7"
dependencies = [
 "rand_core",
]

[[package]]
name = "rawpointer"
version = "0.2.1"
source = "registry+https://github.com/rust-lang/crates.io-index"
checksum = "60a357793950651c4ed0f3f52338f53b2f809f32d83a07f72909fa13e4c6c1e3"

[[package]]
name = "serde"
version = "1.0.127"
source = "registry+https://github.com/rust-lang/crates.io-index"
checksum = "f03b9878abf6d14e6779d3f24f07b2cfa90352cfec4acc5aab8f1ac7f146fae8"
dependencies = [
 "serde_derive",
]

[[package]]
name = "serde_derive"
version = "1.0.127"
source = "registry+https://github.com/rust-lang/crates.io-index"
checksum = "a024926d3432516606328597e0f224a51355a493b49fdd67e9209187cbe55ecc"
dependencies = [
 "proc-macro2",
 "quote",
 "syn",
]

[[package]]
name = "simba"
version = "0.5.1"
source = "registry+https://github.com/rust-lang/crates.io-index"
checksum = "8e82063457853d00243beda9952e910b82593e4b07ae9f721b9278a99a0d3d5c"
dependencies = [
 "approx",
 "num-complex",
 "num-traits",
 "paste",
]

[[package]]
name = "slr_config"
version = "0.0.20"
source = "registry+https://github.com/rust-lang/crates.io-index"
checksum = "7d8e27cd833f6f94cbda60404c2c46c514eafb3824e17df89327327391d64196"
dependencies = [
 "serde",
 "serde_derive",
 "slr_parser",
]

[[package]]
name = "slr_parser"
version = "0.0.20"
source = "registry+https://github.com/rust-lang/crates.io-index"
checksum = "a5d8cac03fce36f776c0167701a5cccc08396c3d680a6b3b53ed72a7c063b453"
dependencies = [
 "serde",
]

[[package]]
name = "syn"
version = "1.0.74"
source = "registry+https://github.com/rust-lang/crates.io-index"
checksum = "1873d832550d4588c3dbc20f01361ab00bfe741048f71e3fecf145a7cc18b29c"
dependencies = [
 "proc-macro2",
 "quote",
 "unicode-xid",
]

[[package]]
name = "typenum"
version = "1.13.0"
source = "registry+https://github.com/rust-lang/crates.io-index"
checksum = "879f6906492a7cd215bfa4cf595b600146ccfac0c79bcbd1f3000162af5e8b06"

[[package]]
name = "unicode-xid"
version = "0.2.2"
source = "registry+https://github.com/rust-lang/crates.io-index"
checksum = "8ccb82d61f80a663efe1f787a51b16b5a51e3314d6ac365b08639f52387b33f3"

[[package]]
name = "vec_map"
version = "0.8.2"
source = "registry+https://github.com/rust-lang/crates.io-index"
checksum = "f1bddf1187be692e79c5ffeab891132dfb0f236ed36a43c7ed39f1165ee20191"

[[package]]
name = "version_check"
version = "0.9.3"
source = "registry+https://github.com/rust-lang/crates.io-index"
checksum = "5fecdca9a5291cc2b8dcf7dc02453fee791a280f3743cb0905f8822ae463b3fe"

[[package]]
name = "wasi"
version = "0.10.2+wasi-snapshot-preview1"
source = "registry+https://github.com/rust-lang/crates.io-index"
checksum = "fd6fbd9a79829dd1ad0cc20627bf1ed606756a7f77edff7b66b7064f9cb327c6"
